
Microsoft Visual Studio Solution File, Format Version 12.00
# Visual Studio Version 17
VisualStudioVersion = 17.10.35004.147
MinimumVisualStudioVersion = 10.0.40219.1
Project("{FAE04EC0-301F-11D3-BF4B-00C04F79EFBC}") = "VendingMachineProject", "VendingMachineProject\VendingMachineProject.csproj", "{D3DEDEB3-A547-45C9-A7F5-990BBC5F55AA}"
EndProject
Project("{FAE04EC0-301F-11D3-BF4B-00C04F79EFBC}") = "VendingMachineApp.Tests", "VendingMachineApp.Tests\VendingMachineApp.Tests.csproj", "{37BBF3AA-931C-4DBE-990A-27FEE3379E66}"
EndProject
Global
	GlobalSection(SolutionConfigurationPlatforms) = preSolution
		Debug|Any CPU = Debug|Any CPU
		Release|Any CPU = Release|Any CPU
	EndGlobalSection
	GlobalSection(ProjectConfigurationPlatforms) = postSolution
		{D3DEDEB3-A547-45C9-A7F5-990BBC5F55AA}.Debug|Any CPU.ActiveCfg = Debug|Any CPU
		{D3DEDEB3-A547-45C9-A7F5-990BBC5F55AA}.Debug|Any CPU.Build.0 = Debug|Any CPU
		{D3DEDEB3-A547-45C9-A7F5-990BBC5F55AA}.Release|Any CPU.ActiveCfg = Release|Any CPU
		{D3DEDEB3-A547-45C9-A7F5-990BBC5F55AA}.Release|Any CPU.Build.0 = Release|Any CPU
		{37BBF3AA-931C-4DBE-990A-27FEE3379E66}.Debug|Any CPU.ActiveCfg = Debug|Any CPU
		{37BBF3AA-931C-4DBE-990A-27FEE3379E66}.Debug|Any CPU.Build.0 = Debug|Any CPU
		{37BBF3AA-931C-4DBE-990A-27FEE3379E66}.Release|Any CPU.ActiveCfg = Release|Any CPU
		{37BBF3AA-931C-4DBE-990A-27FEE3379E66}.Release|Any CPU.Build.0 = Release|Any CPU
	EndGlobalSection
	GlobalSection(SolutionProperties) = preSolution
		HideSolutionNode = FALSE
	EndGlobalSection
	GlobalSection(ExtensibilityGlobals) = postSolution
		SolutionGuid = {B67F238A-7EE5-40F8-87C1-631573604010}
	EndGlobalSection
EndGlobal
